<?xml version="1.0" encoding="utf-8"?>
<Project ToolsVersion="4.0" xmlns="http://schemas.microsoft.com/developer/msbuild/2003">
  <ItemGroup>
    <Filter Include="Form Files">
      <UniqueIdentifier>{99349809-55BA-4b9d-BF79-8FDBB0286EB3}</UniqueIdentifier>
      <Extensions>ui</Extensions>
      <ParseFiles>false</ParseFiles>
    </Filter>
    <Filter Include="Form Files">
      <UniqueIdentifier>{99349809-55BA-4b9d-BF79-8FDBB0286EB3}</UniqueIdentifier>
      <Extensions>ui</Extensions>
      <ParseFiles>false</ParseFiles>
    </Filter>
    <Filter Include="Generated Files">
      <UniqueIdentifier>{71ED8ED8-ACB9-4CE9-BBE1-E00B30144E11}</UniqueIdentifier>
      <Extensions>cpp;c;cxx;moc;h;def;odl;idl;res;</Extensions>
    </Filter>
    <Filter Include="Generated Files">
      <UniqueIdentifier>{71ED8ED8-ACB9-4CE9-BBE1-E00B30144E11}</UniqueIdentifier>
      <Extensions>cpp;c;cxx;moc;h;def;odl;idl;res;</Extensions>
    </Filter>
    <Filter Include="Header Files">
      <UniqueIdentifier>{93995380-89BD-4b04-88EB-625FBE52EBFB}</UniqueIdentifier>
      <Extensions>h;hpp;hxx;hm;inl;inc;xsd</Extensions>
    </Filter>
    <Filter Include="Header Files">
      <UniqueIdentifier>{93995380-89BD-4b04-88EB-625FBE52EBFB}</UniqueIdentifier>
      <Extensions>h;hpp;hxx;hm;inl;inc;xsd</Extensions>
    </Filter>
    <Filter Include="Resource Files">
      <UniqueIdentifier>{D9D6E242-F8AF-46E4-B9FD-80ECBC20BA3E}</UniqueIdentifier>
      <Extensions>qrc;*</Extensions>
      <ParseFiles>false</ParseFiles>
    </Filter>
    <Filter Include="Resource Files">
      <UniqueIdentifier>{D9D6E242-F8AF-46E4-B9FD-80ECBC20BA3E}</UniqueIdentifier>
      <Extensions>qrc;*</Extensions>
      <ParseFiles>false</ParseFiles>
    </Filter>
    <Filter Include="Source Files">
      <UniqueIdentifier>{4FC737F1-C7A5-4376-A066-2A32D752A2FF}</UniqueIdentifier>
      <Extensions>cpp;c;cxx;def;odl;idl;hpj;bat;asm;asmx</Extensions>
    </Filter>
    <Filter Include="Source Files">
      <UniqueIdentifier>{4FC737F1-C7A5-4376-A066-2A32D752A2FF}</UniqueIdentifier>
      <Extensions>cpp;c;cxx;def;odl;idl;hpj;bat;asm;asmx</Extensions>
    </Filter>
    <Filter Include="Generated Files\Debug">
      <UniqueIdentifier>{ca7add37-a24b-46ca-90f5-e1899e1f7039}</UniqueIdentifier>
      <Extensions>cpp;moc</Extensions>
      <SourceControlFiles>False</SourceControlFiles>
    </Filter>
    <Filter Include="Generated Files\Release">
      <UniqueIdentifier>{14d066bd-1f8f-408b-97cb-b594441ffd68}</UniqueIdentifier>
      <Extensions>cpp;moc</Extensions>
      <SourceControlFiles>False</SourceControlFiles>
    </Filter>
  </ItemGroup>
  <ItemGroup>
    <ClCompile Include="Objects\autonomousguiobject.cpp">
      <Filter>Source Files</Filter>
    </ClCompile>
    <ClCompile Include="Display\buildcanvas.cpp">
      <Filter>Source Files</Filter>
    </ClCompile>
    <ClCompile Include="Objects\commandblock.cpp">
      <Filter>Source Files</Filter>
    </ClCompile>
    <ClCompile Include="Objects\connection.cpp">
      <Filter>Source Files</Filter>
    </ClCompile>
    <ClCompile Include="Objects\connector.cpp">
      <Filter>Source Files</Filter>
    </ClCompile>
    <ClCompile Include="Constant\constant.cpp">
      <Filter>Source Files</Filter>
    </ClCompile>
    <ClCompile Include="Display\dialog.cpp">
      <Filter>Source Files</Filter>
    </ClCompile>
    <ClCompile Include="Objects\menuitem.cpp">
      <Filter>Source Files</Filter>
    </ClCompile>
    <ClCompile Include="Managers\menumanager.cpp">
      <Filter>Source Files</Filter>
    </ClCompile>
    <ClCompile Include="GeneratedFiles\Debug\moc_dialog.cpp">
      <Filter>Generated Files\Debug</Filter>
    </ClCompile>
    <ClCompile Include="GeneratedFiles\Release\moc_dialog.cpp">
      <Filter>Generated Files\Release</Filter>
    </ClCompile>
    <ClCompile Include="GeneratedFiles\qrc_Resources.cpp">
      <Filter>Generated Files</Filter>
    </ClCompile>
    <ClCompile Include="main.cpp">
      <Filter>Generated Files</Filter>
    </ClCompile>
  </ItemGroup>
  <ItemGroup>
    <ClInclude Include="Objects\autonomousguiobject.h">
      <Filter>Header Files</Filter>
    </ClInclude>
    <ClInclude Include="Display\buildcanvas.h">
      <Filter>Header Files</Filter>
    </ClInclude>
    <ClInclude Include="Objects\commandblock.h">
      <Filter>Header Files</Filter>
    </ClInclude>
    <ClInclude Include="Objects\connection.h">
      <Filter>Header Files</Filter>
    </ClInclude>
    <ClInclude Include="Objects\connector.h">
      <Filter>Header Files</Filter>
    </ClInclude>
    <ClInclude Include="Constant\constant.h">
      <Filter>Header Files</Filter>
    </ClInclude>
    <CustomBuild Include="Display\dialog.h">
      <Filter>Header Files</Filter>
    </CustomBuild>
    <ClInclude Include="Objects\menuitem.h">
      <Filter>Header Files</Filter>
    </ClInclude>
    <ClInclude Include="Managers\menumanager.h">
      <Filter>Header Files</Filter>
    </ClInclude>
    <ClInclude Include="GeneratedFiles\ui_dialog.h">
      <Filter>Generated Files</Filter>
    </ClInclude>
  </ItemGroup>
  <ItemGroup>
    <CustomBuild Include="dialog.ui">
      <Filter>Form Files</Filter>
    </CustomBuild>
  </ItemGroup>
  <ItemGroup>
    <None Include="Resources\Arm.png">
      <Filter>Resource Files</Filter>
    </None>
    <None Include="Resources\Drive">
      <Filter>Resource Files</Filter>
    </None>
    <None Include="GUI.png">
      <Filter>Resource Files</Filter>
    </None>
    <CustomBuild Include="Resources.qrc">
      <Filter>Resource Files</Filter>
    </CustomBuild>
    <None Include="Resources\Timeout.png">
      <Filter>Resource Files</Filter>
    </None>
    <None Include="Resources\connectorIn.png">
      <Filter>Resource Files</Filter>
    </None>
    <None Include="Resources\connectorOut.png">
      <Filter>Resource Files</Filter>
    </None>
    <None Include="Resources\connectorSelected.png">
      <Filter>Resource Files</Filter>
    </None>
    <None Include="Resources\doubleConnector.png">
      <Filter>Resource Files</Filter>
    </None>
    <None Include="Resources\driveBack.png">
      <Filter>Resource Files</Filter>
    </None>
    <None Include="Resources\driveForward.png">
      <Filter>Resource Files</Filter>
    </None>
    <None Include="Resources\elevatorDown.png">
      <Filter>Resource Files</Filter>
    </None>
    <None Include="Resources\elevatorUp.png">
      <Filter>Resource Files</Filter>
    </None>
    <None Include="Resources\intConnector.png">
      <Filter>Resource Files</Filter>
    </None>
    <None Include="Resources\pickUP.png">
      <Filter>Resource Files</Filter>
    </None>
    <None Include="Resources\releaseArm.png">
      <Filter>Resource Files</Filter>
    </None>
    <None Include="Resources\rotateLeft90.png">
      <Filter>Resource Files</Filter>
    </None>
    <None Include="Resources\rotateRight90.png">
      <Filter>Resource Files</Filter>
    </None>
    <None Include="Resources\startAuto.png">
      <Filter>Resource Files</Filter>
    </None>
  </ItemGroup>
  <ItemGroup>
    <Image Include="Resources\Drive GUI.png">
      <Filter>Resource Files</Filter>
    </Image>
  </ItemGroup>
  <ItemGroup>
    <Text Include="Headers.txt">
      <Filter>Resource Files</Filter>
    </Text>
  </ItemGroup>
</Project>